
Microsoft Visual Studio Solution File, Format Version 12.00
# Visual Studio 15
VisualStudioVersion = 15.0.27428.2043
MinimumVisualStudioVersion = 10.0.40219.1
Project("{FAE04EC0-301F-11D3-BF4B-00C04F79EFBC}") = "WeatherByTextConsole", "WeatherByTextConsole\WeatherByTextConsole.csproj", "{BAA82A2E-0163-4CDC-B10A-639693368389}"
EndProject
Project("{FAE04EC0-301F-11D3-BF4B-00C04F79EFBC}") = "StartProcessOnFailier", "StartProcessOnFailier\StartProcessOnFailier.csproj", "{54AFFF20-FE38-4DE5-B987-1AEEA9D62AEE}"
EndProject
Global
	GlobalSection(SolutionConfigurationPlatforms) = preSolution
		Debug|Any CPU = Debug|Any CPU
		Release|Any CPU = Release|Any CPU
	EndGlobalSection
	GlobalSection(ProjectConfigurationPlatforms) = postSolution
		{BAA82A2E-0163-4CDC-B10A-639693368389}.Debug|Any CPU.ActiveCfg = Debug|Any CPU
		{BAA82A2E-0163-4CDC-B10A-639693368389}.Debug|Any CPU.Build.0 = Debug|Any CPU
		{BAA82A2E-0163-4CDC-B10A-639693368389}.Release|Any CPU.ActiveCfg = Release|Any CPU
		{BAA82A2E-0163-4CDC-B10A-639693368389}.Release|Any CPU.Build.0 = Release|Any CPU
		{54AFFF20-FE38-4DE5-B987-1AEEA9D62AEE}.Debug|Any CPU.ActiveCfg = Debug|Any CPU
		{54AFFF20-FE38-4DE5-B987-1AEEA9D62AEE}.Debug|Any CPU.Build.0 = Debug|Any CPU
		{54AFFF20-FE38-4DE5-B987-1AEEA9D62AEE}.Release|Any CPU.ActiveCfg = Release|Any CPU
		{54AFFF20-FE38-4DE5-B987-1AEEA9D62AEE}.Release|Any CPU.Build.0 = Release|Any CPU
	EndGlobalSection
	GlobalSection(SolutionProperties) = preSolution
		HideSolutionNode = FALSE
	EndGlobalSection
	GlobalSection(ExtensibilityGlobals) = postSolution
		SolutionGuid = {7381FFC4-44E6-4EAF-8184-1EC6B8F3804D}
	EndGlobalSection
EndGlobal
